
Microsoft Visual Studio Solution File, Format Version 12.00
# Visual Studio Version 17
VisualStudioVersion = 17.1.32328.378
MinimumVisualStudioVersion = 10.0.40219.1
Project("{2150E333-8FDC-42A3-9474-1A3956D46DE8}") = "src", "src", "{94A22F4F-AAC3-43B4-9D1D-02C868883DF5}"
EndProject
Project("{2150E333-8FDC-42A3-9474-1A3956D46DE8}") = "Domain", "Domain", "{F4EFF54E-2603-4C30-889F-5D834CF0A48D}"
EndProject
Project("{9A19103F-16F7-4668-BE54-9A1E7A4F7556}") = "TimeSheet.Domain", "src\Domain\TimeSheet.Domain\TimeSheet.Domain.csproj", "{7B475142-480A-46D9-99DE-6A582AA48F2D}"
EndProject
Project("{2150E333-8FDC-42A3-9474-1A3956D46DE8}") = "Infrastructure", "Infrastructure", "{923AFDCD-5BF2-471D-A3C6-71EA88495B14}"
EndProject
Project("{9A19103F-16F7-4668-BE54-9A1E7A4F7556}") = "TimeSheet.Infrastructure", "src\Infrastructure\TimeSheet.Infrastructure\TimeSheet.Infrastructure.csproj", "{5B90F000-4838-4CFE-99E8-5BFBD951D7F8}"
EndProject
Project("{2150E333-8FDC-42A3-9474-1A3956D46DE8}") = "Api", "Api", "{22F94831-713B-4818-A48A-61C721E05C63}"
EndProject
Project("{9A19103F-16F7-4668-BE54-9A1E7A4F7556}") = "TimeSheet.Api", "src\Api\TimeSheet.Api\TimeSheet.Api.csproj", "{500C46F1-42C7-4D03-B26C-CC2CBB5D1EBA}"
EndProject
Project("{2150E333-8FDC-42A3-9474-1A3956D46DE8}") = "Application", "Application", "{5D90D258-3819-42D7-A66D-8010D13848E4}"
EndProject
Project("{9A19103F-16F7-4668-BE54-9A1E7A4F7556}") = "TimeSheet.Application", "src\Application\TimeSheet.Application\TimeSheet.Application.csproj", "{EC003F2B-931F-4A52-AB49-EDAA43E61AE5}"
EndProject
Project("{E53339B2-1760-4266-BCC7-CA923CBCF16C}") = "docker-compose", "docker-compose.dcproj", "{1B166222-EC42-455B-A8CF-63F7DB7D17B7}"
EndProject
Global
	GlobalSection(SolutionConfigurationPlatforms) = preSolution
		Debug|Any CPU = Debug|Any CPU
		Release|Any CPU = Release|Any CPU
	EndGlobalSection
	GlobalSection(ProjectConfigurationPlatforms) = postSolution
		{7B475142-480A-46D9-99DE-6A582AA48F2D}.Debug|Any CPU.ActiveCfg = Debug|Any CPU
		{7B475142-480A-46D9-99DE-6A582AA48F2D}.Debug|Any CPU.Build.0 = Debug|Any CPU
		{7B475142-480A-46D9-99DE-6A582AA48F2D}.Release|Any CPU.ActiveCfg = Release|Any CPU
		{7B475142-480A-46D9-99DE-6A582AA48F2D}.Release|Any CPU.Build.0 = Release|Any CPU
		{5B90F000-4838-4CFE-99E8-5BFBD951D7F8}.Debug|Any CPU.ActiveCfg = Debug|Any CPU
		{5B90F000-4838-4CFE-99E8-5BFBD951D7F8}.Debug|Any CPU.Build.0 = Debug|Any CPU
		{5B90F000-4838-4CFE-99E8-5BFBD951D7F8}.Release|Any CPU.ActiveCfg = Release|Any CPU
		{5B90F000-4838-4CFE-99E8-5BFBD951D7F8}.Release|Any CPU.Build.0 = Release|Any CPU
		{500C46F1-42C7-4D03-B26C-CC2CBB5D1EBA}.Debug|Any CPU.ActiveCfg = Debug|Any CPU
		{500C46F1-42C7-4D03-B26C-CC2CBB5D1EBA}.Debug|Any CPU.Build.0 = Debug|Any CPU
		{500C46F1-42C7-4D03-B26C-CC2CBB5D1EBA}.Release|Any CPU.ActiveCfg = Release|Any CPU
		{500C46F1-42C7-4D03-B26C-CC2CBB5D1EBA}.Release|Any CPU.Build.0 = Release|Any CPU
		{EC003F2B-931F-4A52-AB49-EDAA43E61AE5}.Debug|Any CPU.ActiveCfg = Debug|Any CPU
		{EC003F2B-931F-4A52-AB49-EDAA43E61AE5}.Debug|Any CPU.Build.0 = Debug|Any CPU
		{EC003F2B-931F-4A52-AB49-EDAA43E61AE5}.Release|Any CPU.ActiveCfg = Release|Any CPU
		{EC003F2B-931F-4A52-AB49-EDAA43E61AE5}.Release|Any CPU.Build.0 = Release|Any CPU
		{1B166222-EC42-455B-A8CF-63F7DB7D17B7}.Debug|Any CPU.ActiveCfg = Debug|Any CPU
		{1B166222-EC42-455B-A8CF-63F7DB7D17B7}.Debug|Any CPU.Build.0 = Debug|Any CPU
		{1B166222-EC42-455B-A8CF-63F7DB7D17B7}.Release|Any CPU.ActiveCfg = Release|Any CPU
		{1B166222-EC42-455B-A8CF-63F7DB7D17B7}.Release|Any CPU.Build.0 = Release|Any CPU
	EndGlobalSection
	GlobalSection(SolutionProperties) = preSolution
		HideSolutionNode = FALSE
	EndGlobalSection
	GlobalSection(NestedProjects) = preSolution
		{F4EFF54E-2603-4C30-889F-5D834CF0A48D} = {94A22F4F-AAC3-43B4-9D1D-02C868883DF5}
		{7B475142-480A-46D9-99DE-6A582AA48F2D} = {F4EFF54E-2603-4C30-889F-5D834CF0A48D}
		{923AFDCD-5BF2-471D-A3C6-71EA88495B14} = {94A22F4F-AAC3-43B4-9D1D-02C868883DF5}
		{5B90F000-4838-4CFE-99E8-5BFBD951D7F8} = {923AFDCD-5BF2-471D-A3C6-71EA88495B14}
		{22F94831-713B-4818-A48A-61C721E05C63} = {94A22F4F-AAC3-43B4-9D1D-02C868883DF5}
		{500C46F1-42C7-4D03-B26C-CC2CBB5D1EBA} = {22F94831-713B-4818-A48A-61C721E05C63}
		{5D90D258-3819-42D7-A66D-8010D13848E4} = {94A22F4F-AAC3-43B4-9D1D-02C868883DF5}
		{EC003F2B-931F-4A52-AB49-EDAA43E61AE5} = {5D90D258-3819-42D7-A66D-8010D13848E4}
	EndGlobalSection
	GlobalSection(ExtensibilityGlobals) = postSolution
		SolutionGuid = {8CAAF01F-A428-4751-A885-246095020919}
	EndGlobalSection
EndGlobal
